
Microsoft Visual Studio Solution File, Format Version 12.00
# Visual Studio Version 17
VisualStudioVersion = 17.11.35327.3
MinimumVisualStudioVersion = 10.0.40219.1
Project("{9A19103F-16F7-4668-BE54-9A1E7A4F7556}") = "UserManagement.MVC", "UserManagement.MVC\UserManagement.MVC.csproj", "{22E6E488-8662-494D-8CB7-392E8C84811B}"
EndProject
Project("{9A19103F-16F7-4668-BE54-9A1E7A4F7556}") = "PermissionManagement.MVC", "PermissionManagement.MVC\PermissionManagement.MVC.csproj", "{3447084E-E2F8-4CD6-9736-C3C6DAF59C28}"
EndProject
Project("{9A19103F-16F7-4668-BE54-9A1E7A4F7556}") = "JWTAuthentication.WebApi", "JWTAuthentication.WebApi\JWTAuthentication.WebApi.csproj", "{37953731-4F82-48D1-A9FF-78092ECC9CBB}"
EndProject
Project("{2150E333-8FDC-42A3-9474-1A3956D46DE8}") = "Solution Items", "Solution Items", "{6BFF82EB-E023-45EA-842B-CD4280B9CF2A}"
	ProjectSection(SolutionItems) = preProject
		.editorconfig = .editorconfig
	EndProjectSection
EndProject
Global
	GlobalSection(SolutionConfigurationPlatforms) = preSolution
		Debug|Any CPU = Debug|Any CPU
		Release|Any CPU = Release|Any CPU
	EndGlobalSection
	GlobalSection(ProjectConfigurationPlatforms) = postSolution
		{22E6E488-8662-494D-8CB7-392E8C84811B}.Debug|Any CPU.ActiveCfg = Debug|Any CPU
		{22E6E488-8662-494D-8CB7-392E8C84811B}.Debug|Any CPU.Build.0 = Debug|Any CPU
		{22E6E488-8662-494D-8CB7-392E8C84811B}.Release|Any CPU.ActiveCfg = Release|Any CPU
		{22E6E488-8662-494D-8CB7-392E8C84811B}.Release|Any CPU.Build.0 = Release|Any CPU
		{3447084E-E2F8-4CD6-9736-C3C6DAF59C28}.Debug|Any CPU.ActiveCfg = Debug|Any CPU
		{3447084E-E2F8-4CD6-9736-C3C6DAF59C28}.Debug|Any CPU.Build.0 = Debug|Any CPU
		{3447084E-E2F8-4CD6-9736-C3C6DAF59C28}.Release|Any CPU.ActiveCfg = Release|Any CPU
		{3447084E-E2F8-4CD6-9736-C3C6DAF59C28}.Release|Any CPU.Build.0 = Release|Any CPU
		{37953731-4F82-48D1-A9FF-78092ECC9CBB}.Debug|Any CPU.ActiveCfg = Debug|Any CPU
		{37953731-4F82-48D1-A9FF-78092ECC9CBB}.Debug|Any CPU.Build.0 = Debug|Any CPU
		{37953731-4F82-48D1-A9FF-78092ECC9CBB}.Release|Any CPU.ActiveCfg = Release|Any CPU
		{37953731-4F82-48D1-A9FF-78092ECC9CBB}.Release|Any CPU.Build.0 = Release|Any CPU
	EndGlobalSection
	GlobalSection(SolutionProperties) = preSolution
		HideSolutionNode = FALSE
	EndGlobalSection
	GlobalSection(ExtensibilityGlobals) = postSolution
		SolutionGuid = {3F22C135-1D21-4BB4-9BFB-95EB1D461D8F}
	EndGlobalSection
EndGlobal
